
Microsoft Visual Studio Solution File, Format Version 12.00
# Visual Studio Version 17
VisualStudioVersion = 17.4.33122.133
MinimumVisualStudioVersion = 10.0.40219.1
Project("{FAE04EC0-301F-11D3-BF4B-00C04F79EFBC}") = "Restoran", "Restoran\Restoran.csproj", "{CF686E25-12C6-4B0F-9CA8-E460C220B4A2}"
EndProject
Project("{FAE04EC0-301F-11D3-BF4B-00C04F79EFBC}") = "PasswordCheckerUnit", "PasswordCheckerUnit\PasswordCheckerUnit.csproj", "{8FCDF29F-DA85-42A5-918D-02093509332E}"
	ProjectSection(ProjectDependencies) = postProject
		{CF686E25-12C6-4B0F-9CA8-E460C220B4A2} = {CF686E25-12C6-4B0F-9CA8-E460C220B4A2}
	EndProjectSection
EndProject
Project("{FAE04EC0-301F-11D3-BF4B-00C04F79EFBC}") = "TestProjectUsers", "TestProjectUsers\TestProjectUsers.csproj", "{53112217-D586-4B08-8663-E844B64E5CCC}"
	ProjectSection(ProjectDependencies) = postProject
		{CF686E25-12C6-4B0F-9CA8-E460C220B4A2} = {CF686E25-12C6-4B0F-9CA8-E460C220B4A2}
	EndProjectSection
EndProject
Project("{FAE04EC0-301F-11D3-BF4B-00C04F79EFBC}") = "ClassLibraryTest", "ClassLibraryTest\ClassLibraryTest.csproj", "{17C4565C-7ABB-4041-8A19-23A11D92F423}"
EndProject
Global
	GlobalSection(SolutionConfigurationPlatforms) = preSolution
		Debug|Any CPU = Debug|Any CPU
		Release|Any CPU = Release|Any CPU
	EndGlobalSection
	GlobalSection(ProjectConfigurationPlatforms) = postSolution
		{CF686E25-12C6-4B0F-9CA8-E460C220B4A2}.Debug|Any CPU.ActiveCfg = Debug|Any CPU
		{CF686E25-12C6-4B0F-9CA8-E460C220B4A2}.Debug|Any CPU.Build.0 = Debug|Any CPU
		{CF686E25-12C6-4B0F-9CA8-E460C220B4A2}.Release|Any CPU.ActiveCfg = Release|Any CPU
		{CF686E25-12C6-4B0F-9CA8-E460C220B4A2}.Release|Any CPU.Build.0 = Release|Any CPU
		{8FCDF29F-DA85-42A5-918D-02093509332E}.Debug|Any CPU.ActiveCfg = Debug|Any CPU
		{8FCDF29F-DA85-42A5-918D-02093509332E}.Debug|Any CPU.Build.0 = Debug|Any CPU
		{8FCDF29F-DA85-42A5-918D-02093509332E}.Release|Any CPU.ActiveCfg = Release|Any CPU
		{8FCDF29F-DA85-42A5-918D-02093509332E}.Release|Any CPU.Build.0 = Release|Any CPU
		{53112217-D586-4B08-8663-E844B64E5CCC}.Debug|Any CPU.ActiveCfg = Debug|Any CPU
		{53112217-D586-4B08-8663-E844B64E5CCC}.Debug|Any CPU.Build.0 = Debug|Any CPU
		{53112217-D586-4B08-8663-E844B64E5CCC}.Release|Any CPU.ActiveCfg = Release|Any CPU
		{53112217-D586-4B08-8663-E844B64E5CCC}.Release|Any CPU.Build.0 = Release|Any CPU
		{17C4565C-7ABB-4041-8A19-23A11D92F423}.Debug|Any CPU.ActiveCfg = Debug|Any CPU
		{17C4565C-7ABB-4041-8A19-23A11D92F423}.Debug|Any CPU.Build.0 = Debug|Any CPU
		{17C4565C-7ABB-4041-8A19-23A11D92F423}.Release|Any CPU.ActiveCfg = Release|Any CPU
		{17C4565C-7ABB-4041-8A19-23A11D92F423}.Release|Any CPU.Build.0 = Release|Any CPU
	EndGlobalSection
	GlobalSection(SolutionProperties) = preSolution
		HideSolutionNode = FALSE
	EndGlobalSection
	GlobalSection(ExtensibilityGlobals) = postSolution
		SolutionGuid = {AF696686-20DC-4AE4-8226-5C84A22D9D9B}
	EndGlobalSection
EndGlobal
